
Microsoft Visual Studio Solution File, Format Version 12.00
# Visual Studio Version 16
VisualStudioVersion = 25.0.1706.1
MinimumVisualStudioVersion = 10.0.40219.1
Project("{FAE04EC0-301F-11D3-BF4B-00C04F79EFBC}") = "API-BeCalled", "API-BeCalled\API-BeCalled.csproj", "{B73280A1-5F99-4898-A6AD-97CCA403DDFE}"
EndProject
Global
	GlobalSection(SolutionConfigurationPlatforms) = preSolution
		Debug|Any CPU = Debug|Any CPU
		Release|Any CPU = Release|Any CPU
	EndGlobalSection
	GlobalSection(ProjectConfigurationPlatforms) = postSolution
		{B73280A1-5F99-4898-A6AD-97CCA403DDFE}.Debug|Any CPU.ActiveCfg = Debug|Any CPU
		{B73280A1-5F99-4898-A6AD-97CCA403DDFE}.Debug|Any CPU.Build.0 = Debug|Any CPU
		{B73280A1-5F99-4898-A6AD-97CCA403DDFE}.Release|Any CPU.ActiveCfg = Release|Any CPU
		{B73280A1-5F99-4898-A6AD-97CCA403DDFE}.Release|Any CPU.Build.0 = Release|Any CPU
	EndGlobalSection
	GlobalSection(SolutionProperties) = preSolution
		HideSolutionNode = FALSE
	EndGlobalSection
	GlobalSection(ExtensibilityGlobals) = postSolution
		SolutionGuid = {787B951B-5A1E-4020-ADA2-26B3772B23BF}
	EndGlobalSection
EndGlobal
